github.com/andrewmarklloyd/pi-alarm v0.0.0-20200429030630-5ff4271e08a3 h1:ca7D6b3Zm2IY2pXQlxj2lSFW42H1gtk3o+oKlCdonn4=
github.com/gorilla/websocket v1.4.2 h1:+/TMaTYc4QFitKJxsQ7Yye35DkWvkdLcvGKqM+x0Ufc=
github.com/gorilla/websocket v1.4.2/go.mod h1:YR8l580nyteQvAITg2hZ9XVh4b55+EU/adAjf1fMHhE=
github.com/robfig/cron/v3 v3.0.0 h1:kQ6Cb7aHOHTSzNVNEhmp8EcWKLb4CbiMW9h9VyIhO4E=
github.com/robfig/cron/v3 v3.0.0/go.mod h1:eQICP3HwyT7UooqI/z+Ov+PtYAWygg1TEWWzGIFLtro=
github.com/stianeikeland/go-rpio v4.2.0+incompatible h1:CUOlIxdJdT+H1obJPsmg8byu7jMSECLfAN9zynm5QGo=
github.com/stianeikeland/go-rpio v4.2.0+incompatible/go.mod h1:Sh81rdJwD96E2wja2Gd7rrKM+XZ9LrwvN2w4IXrqLR8=
github.com/yryz/ds18b20 v0.0.0-20180211073435-3cf383a40624 h1:bePzgtpuLSl+F9aacwuaquuoOyKfMKuJORq2CvPPJK4=
github.com/yryz/ds18b20 v0.0.0-20180211073435-3cf383a40624/go.mod h1:MqFju5qeLDFh+S9PqxYT7TEla8xeW7bgGr/69q3oki0=
